// !$*UTF8*$!
{
	archiveVersion = 1;
	classes = {
	};
	objectVersion = 46;
	objects = {

/* Begin PBXBuildFile section */
		7D4CC3801B56961C009F9A13 /* AppDelegate.swift in Sources */ = {isa = PBXBuildFile; fileRef = 7D4CC37F1B56961C009F9A13 /* AppDelegate.swift */; };
		7D4CC3821B56961C009F9A13 /* ViewController.swift in Sources */ = {isa = PBXBuildFile; fileRef = 7D4CC3811B56961C009F9A13 /* ViewController.swift */; };
		7D4CC3851B56961C009F9A13 /* Main.storyboard in Resources */ = {isa = PBXBuildFile; fileRef = 7D4CC3831B56961C009F9A13 /* Main.storyboard */; };
		7D4CC3871B56961C009F9A13 /* Assets.xcassets in Resources */ = {isa = PBXBuildFile; fileRef = 7D4CC3861B56961C009F9A13 /* Assets.xcassets */; };
		7D4CC38A1B56961C009F9A13 /* LaunchScreen.storyboard in Resources */ = {isa = PBXBuildFile; fileRef = 7D4CC3881B56961C009F9A13 /* LaunchScreen.storyboard */; };
		7D4CC3951B56961C009F9A13 /* TaxAppTests.swift in Sources */ = {isa = PBXBuildFile; fileRef = 7D4CC3941B56961C009F9A13 /* TaxAppTests.swift */; };
		7D4CC3A01B56961C009F9A13 /* TaxAppUITests.swift in Sources */ = {isa = PBXBuildFile; fileRef = 7D4CC39F1B56961C009F9A13 /* TaxAppUITests.swift */; };
/* End PBXBuildFile section */

/* Begin PBXContainerItemProxy section */
		7D4CC3911B56961C009F9A13 /* PBXContainerItemProxy */ = {
			isa = PBXContainerItemProxy;
			containerPortal = 7D4CC3741B56961C009F9A13 /* Project object */;
			proxyType = 1;
			remoteGlobalIDString = 7D4CC37B1B56961C009F9A13;
			remoteInfo = TaxApp;
		};
		7D4CC39C1B56961C009F9A13 /* PBXContainerItemProxy */ = {
			isa = PBXContainerItemProxy;
			containerPortal = 7D4CC3741B56961C009F9A13 /* Project object */;
			proxyType = 1;
			remoteGlobalIDString = 7D4CC37B1B56961C009F9A13;
			remoteInfo = TaxApp;
		};
/* End PBXContainerItemProxy section */

/* Begin PBXFileReference section */
		7D4CC37C1B56961C009F9A13 /* TaxApp.app */ = {isa = PBXFileReference; explicitFileType = wrapper.application; includeInIndex = 0; path = TaxApp.app; sourceTree = BUILT_PRODUCTS_DIR; };
		7D4CC37F1B56961C009F9A13 /* AppDelegate.swift */ = {isa = PBXFileReference; lastKnownFileType = sourcecode.swift; path = AppDelegate.swift; sourceTree = "<group>"; };
		7D4CC3811B56961C009F9A13 /* ViewController.swift */ = {isa = PBXFileReference; lastKnownFileType = sourcecode.swift; path = ViewController.swift; sourceTree = "<group>"; };
		7D4CC3841B56961C009F9A13 /* Base */ = {isa = PBXFileReference; lastKnownFileType = file.storyboard; name = Base; path = Base.lproj/Main.storyboard; sourceTree = "<group>"; };
		7D4CC3861B56961C009F9A13 /* Assets.xcassets */ = {isa = PBXFileReference; lastKnownFileType = folder.assetcatalog; path = Assets.xcassets; sourceTree = "<group>"; };
		7D4CC3891B56961C009F9A13 /* Base */ = {isa = PBXFileReference; lastKnownFileType = file.storyboard; name = Base; path = Base.lproj/LaunchScreen.storyboard; sourceTree = "<group>"; };
		7D4CC38B1B56961C009F9A13 /* Info.plist */ = {isa = PBXFileReference; lastKnownFileType = text.plist.xml; path = Info.plist; sourceTree = "<group>"; };
		7D4CC3901B56961C009F9A13 /* TaxAppTests.xctest */ = {isa = PBXFileReference; explicitFileType = wrapper.cfbundle; includeInIndex = 0; path = TaxAppTests.xctest; sourceTree = BUILT_PRODUCTS_DIR; };
		7D4CC3941B56961C009F9A13 /* TaxAppTests.swift */ = {isa = PBXFileReference; lastKnownFileType = sourcecode.swift; path = TaxAppTests.swift; sourceTree = "<group>"; };
		7D4CC3961B56961C009F9A13 /* Info.plist */ = {isa = PBXFileReference; lastKnownFileType = text.plist.xml; path = Info.plist; sourceTree = "<group>"; };
		7D4CC39B1B56961C009F9A13 /* TaxAppUITests.xctest */ = {isa = PBXFileReference; explicitFileType = wrapper.cfbundle; includeInIndex = 0; path = TaxAppUITests.xctest; sourceTree = BUILT_PRODUCTS_DIR; };
		7D4CC39F1B56961C009F9A13 /* TaxAppUITests.swift */ = {isa = PBXFileReference; lastKnownFileType = sourcecode.swift; path = TaxAppUITests.swift; sourceTree = "<group>"; };
		7D4CC3A11B56961C009F9A13 /* Info.plist */ = {isa = PBXFileReference; lastKnownFileType = text.plist.xml; path = Info.plist; sourceTree = "<group>"; };
/* End PBXFileReference section */

/* Begin PBXFrameworksBuildPhase section */
		7D4CC3791B56961C009F9A13 /* Frameworks */ = {
			isa = PBXFrameworksBuildPhase;
			buildActionMask = 2147483647;
			files = (
			);
			runOnlyForDeploymentPostprocessing = 0;
		};
		7D4CC38D1B56961C009F9A13 /* Frameworks */ = {
			isa = PBXFrameworksBuildPhase;
			buildActionMask = 2147483647;
			files = (
			);
			runOnlyForDeploymentPostprocessing = 0;
		};
		7D4CC3981B56961C009F9A13 /* Frameworks */ = {
			isa = PBXFrameworksBuildPhase;
			buildActionMask = 2147483647;
			files = (
			);
			runOnlyForDeploymentPostprocessing = 0;
		};
/* End PBXFrameworksBuildPhase section */

/* Begin PBXGroup section */
		7D4CC3731B56961C009F9A13 = {
			isa = PBXGroup;
			children = (
				7D4CC37E1B56961C009F9A13 /* TaxApp */,
				7D4CC3931B56961C009F9A13 /* TaxAppTests */,
				7D4CC39E1B56961C009F9A13 /* TaxAppUITests */,
				7D4CC37D1B56961C009F9A13 /* Products */,
			);
			sourceTree = "<group>";
		};
		7D4CC37D1B56961C009F9A13 /* Products */ = {
			isa = PBXGroup;
			children = (
				7D4CC37C1B56961C009F9A13 /* TaxApp.app */,
				7D4CC3901B56961C009F9A13 /* TaxAppTests.xctest */,
				7D4CC39B1B56961C009F9A13 /* TaxAppUITests.xctest */,
			);
			name = Products;
			sourceTree = "<group>";
		};
		7D4CC37E1B56961C009F9A13 /* TaxApp */ = {
			isa = PBXGroup;
			children = (
				7D4CC37F1B56961C009F9A13 /* AppDelegate.swift */,
				7D4CC3811B56961C009F9A13 /* ViewController.swift */,
				7D4CC3831B56961C009F9A13 /* Main.storyboard */,
				7D4CC3861B56961C009F9A13 /* Assets.xcassets */,
				7D4CC3881B56961C009F9A13 /* LaunchScreen.storyboard */,
				7D4CC38B1B56961C009F9A13 /* Info.plist */,
			);
			path = TaxApp;
			sourceTree = "<group>";
		};
		7D4CC3931B56961C009F9A13 /* TaxAppTests */ = {
			isa = PBXGroup;
			children = (
				7D4CC3941B56961C009F9A13 /* TaxAppTests.swift */,
				7D4CC3961B56961C009F9A13 /* Info.plist */,
			);
			path = TaxAppTests;
			sourceTree = "<group>";
		};
		7D4CC39E1B56961C009F9A13 /* TaxAppUITests */ = {
			isa = PBXGroup;
			children = (
				7D4CC39F1B56961C009F9A13 /* TaxAppUITests.swift */,
				7D4CC3A11B56961C009F9A13 /* Info.plist */,
			);
			path = TaxAppUITests;
			sourceTree = "<group>";
		};
/* End PBXGroup section */

/* Begin PBXNativeTarget section */
		7D4CC37B1B56961C009F9A13 /* TaxApp */ = {
			isa = PBXNativeTarget;
			buildConfigurationList = 7D4CC3A41B56961C009F9A13 /* Build configuration list for PBXNativeTarget "TaxApp" */;
			buildPhases = (
				7D4CC3781B56961C009F9A13 /* Sources */,
				7D4CC3791B56961C009F9A13 /* Frameworks */,
				7D4CC37A1B56961C009F9A13 /* Resources */,
			);
			buildRules = (
			);
			dependencies = (
			);
			name = TaxApp;
			productName = TaxApp;
			productReference = 7D4CC37C1B56961C009F9A13 /* TaxApp.app */;
			productType = "com.apple.product-type.application";
		};
		7D4CC38F1B56961C009F9A13 /* TaxAppTests */ = {
			isa = PBXNativeTarget;
			buildConfigurationList = 7D4CC3A71B56961C009F9A13 /* Build configuration list for PBXNativeTarget "TaxAppTests" */;
			buildPhases = (
				7D4CC38C1B56961C009F9A13 /* Sources */,
				7D4CC38D1B56961C009F9A13 /* Frameworks */,
				7D4CC38E1B56961C009F9A13 /* Resources */,
			);
			buildRules = (
			);
			dependencies = (
				7D4CC3921B56961C009F9A13 /* PBXTargetDependency */,
			);
			name = TaxAppTests;
			productName = TaxAppTests;
			productReference = 7D4CC3901B56961C009F9A13 /* TaxAppTests.xctest */;
			productType = "com.apple.product-type.bundle.unit-test";
		};
		7D4CC39A1B56961C009F9A13 /* TaxAppUITests */ = {
			isa = PBXNativeTarget;
			buildConfigurationList = 7D4CC3AA1B56961C009F9A13 /* Build configuration list for PBXNativeTarget "TaxAppUITests" */;
			buildPhases = (
				7D4CC3971B56961C009F9A13 /* Sources */,
				7D4CC3981B56961C009F9A13 /* Frameworks */,
				7D4CC3991B56961C009F9A13 /* Resources */,
			);
			buildRules = (
			);
			dependencies = (
				7D4CC39D1B56961C009F9A13 /* PBXTargetDependency */,
			);
			name = TaxAppUITests;
			productName = TaxAppUITests;
			productReference = 7D4CC39B1B56961C009F9A13 /* TaxAppUITests.xctest */;
			productType = "com.apple.product-type.bundle.ui-testing";
		};
/* End PBXNativeTarget section */

/* Begin PBXProject section */
		7D4CC3741B56961C009F9A13 /* Project object */ = {
			isa = PBXProject;
			attributes = {
				LastUpgradeCheck = 0700;
				ORGANIZATIONNAME = "Taaha Akhtar";
				TargetAttributes = {
					7D4CC37B1B56961C009F9A13 = {
						CreatedOnToolsVersion = 7.0;
					};
					7D4CC38F1B56961C009F9A13 = {
						CreatedOnToolsVersion = 7.0;
						TestTargetID = 7D4CC37B1B56961C009F9A13;
					};
					7D4CC39A1B56961C009F9A13 = {
						CreatedOnToolsVersion = 7.0;
						TestTargetID = 7D4CC37B1B56961C009F9A13;
					};
				};
			};
			buildConfigurationList = 7D4CC3771B56961C009F9A13 /* Build configuration list for PBXProject "TaxApp" */;
			compatibilityVersion = "Xcode 3.2";
			developmentRegion = English;
			hasScannedForEncodings = 0;
			knownRegions = (
				en,
				Base,
			);
			mainGroup = 7D4CC3731B56961C009F9A13;
			productRefGroup = 7D4CC37D1B56961C009F9A13 /* Products */;
			projectDirPath = "";
			projectRoot = "";
			targets = (
				7D4CC37B1B56961C009F9A13 /* TaxApp */,
				7D4CC38F1B56961C009F9A13 /* TaxAppTests */,
				7D4CC39A1B56961C009F9A13 /* TaxAppUITests */,
			);
		};
/* End PBXProject section */

/* Begin PBXResourcesBuildPhase section */
		7D4CC37A1B56961C009F9A13 /* Resources */ = {
			isa = PBXResourcesBuildPhase;
			buildActionMask = 2147483647;
			files = (
				7D4CC38A1B56961C009F9A13 /* LaunchScreen.storyboard in Resources */,
				7D4CC3871B56961C009F9A13 /* Assets.xcassets in Resources */,
				7D4CC3851B56961C009F9A13 /* Main.storyboard in Resources */,
			);
			runOnlyForDeploymentPostprocessing = 0;
		};
		7D4CC38E1B56961C009F9A13 /* Resources */ = {
			isa = PBXResourcesBuildPhase;
			buildActionMask = 2147483647;
			files = (
			);
			runOnlyForDeploymentPostprocessing = 0;
		};
		7D4CC3991B56961C009F9A13 /* Resources */ = {
			isa = PBXResourcesBuildPhase;
			buildActionMask = 2147483647;
			files = (
			);
			runOnlyForDeploymentPostprocessing = 0;
		};
/* End PBXResourcesBuildPhase section */

/* Begin PBXSourcesBuildPhase section */
		7D4CC3781B56961C009F9A13 /* Sources */ = {
			isa = PBXSourcesBuildPhase;
			buildActionMask = 2147483647;
			files = (
				7D4CC3821B56961C009F9A13 /* ViewController.swift in Sources */,
				7D4CC3801B56961C009F9A13 /* AppDelegate.swift in Sources */,
			);
			runOnlyForDeploymentPostprocessing = 0;
		};
		7D4CC38C1B56961C009F9A13 /* Sources */ = {
			isa = PBXSourcesBuildPhase;
			buildActionMask = 2147483647;
			files = (
				7D4CC3951B56961C009F9A13 /* TaxAppTests.swift in Sources */,
			);
			runOnlyForDeploymentPostprocessing = 0;
		};
		7D4CC3971B56961C009F9A13 /* Sources */ = {
			isa = PBXSourcesBuildPhase;
			buildActionMask = 2147483647;
			files = (
				7D4CC3A01B56961C009F9A13 /* TaxAppUITests.swift in Sources */,
			);
			runOnlyForDeploymentPostprocessing = 0;
		};
/* End PBXSourcesBuildPhase section */

/* Begin PBXTargetDependency section */
		7D4CC3921B56961C009F9A13 /* PBXTargetDependency */ = {
			isa = PBXTargetDependency;
			target = 7D4CC37B1B56961C009F9A13 /* TaxApp */;
			targetProxy = 7D4CC3911B56961C009F9A13 /* PBXContainerItemProxy */;
		};
		7D4CC39D1B56961C009F9A13 /* PBXTargetDependency */ = {
			isa = PBXTargetDependency;
			target = 7D4CC37B1B56961C009F9A13 /* TaxApp */;
			targetProxy = 7D4CC39C1B56961C009F9A13 /* PBXContainerItemProxy */;
		};
/* End PBXTargetDependency section */

/* Begin PBXVariantGroup section */
		7D4CC3831B56961C009F9A13 /* Main.storyboard */ = {
			isa = PBXVariantGroup;
			children = (
				7D4CC3841B56961C009F9A13 /* Base */,
			);
			name = Main.storyboard;
			sourceTree = "<group>";
		};
		7D4CC3881B56961C009F9A13 /* LaunchScreen.storyboard */ = {
			isa = PBXVariantGroup;
			children = (
				7D4CC3891B56961C009F9A13 /* Base */,
			);
			name = LaunchScreen.storyboard;
			sourceTree = "<group>";
		};
/* End PBXVariantGroup section */

/* Begin XCBuildConfiguration section */
		7D4CC3A21B56961C009F9A13 /* Debug */ = {
			isa = XCBuildConfiguration;
			buildSettings = {
				ALWAYS_SEARCH_USER_PATHS = NO;
				CLANG_CXX_LANGUAGE_STANDARD = "gnu++0x";
				CLANG_CXX_LIBRARY = "libc++";
				CLANG_ENABLE_MODULES = YES;
				CLANG_ENABLE_OBJC_ARC = YES;
				CLANG_WARN_BOOL_CONVERSION = YES;
				CLANG_WARN_CONSTANT_CONVERSION = YES;
				CLANG_WARN_DIRECT_OBJC_ISA_USAGE = YES_ERROR;
				CLANG_WARN_EMPTY_BODY = YES;
				CLANG_WARN_ENUM_CONVERSION = YES;
				CLANG_WARN_INT_CONVERSION = YES;
				CLANG_WARN_OBJC_ROOT_CLASS = YES_ERROR;
				CLANG_WARN_UNREACHABLE_CODE = YES;
				CLANG_WARN__DUPLICATE_METHOD_MATCH = YES;
				"CODE_SIGN_IDENTITY[sdk=iphoneos*]" = "iPhone Developer";
				COPY_PHASE_STRIP = NO;
				DEBUG_INFORMATION_FORMAT = dwarf;
				ENABLE_STRICT_OBJC_MSGSEND = YES;
				ENABLE_TESTABILITY = YES;
				GCC_C_LANGUAGE_STANDARD = gnu99;
				GCC_DYNAMIC_NO_PIC = NO;
				GCC_NO_COMMON_BLOCKS = YES;
				GCC_OPTIMIZATION_LEVEL = 0;
				GCC_PREPROCESSOR_DEFINITIONS = (
					"DEBUG=1",
					"$(inherited)",
				);
				GCC_WARN_64_TO_32_BIT_CONVERSION = YES;
				GCC_WARN_ABOUT_RETURN_TYPE = YES_ERROR;
				GCC_WARN_UNDECLARED_SELECTOR = YES;
				GCC_WARN_UNINITIALIZED_AUTOS = YES_AGGRESSIVE;
				GCC_WARN_UNUSED_FUNCTION = YES;
				GCC_WARN_UNUSED_VARIABLE = YES;
				IPHONEOS_DEPLOYMENT_TARGET = 9.0;
				MTL_ENABLE_DEBUG_INFO = YES;
				ONLY_ACTIVE_ARCH = YES;
				SDKROOT = iphoneos;
				SWIFT_OPTIMIZATION_LEVEL = "-Onone";
			};
			name = Debug;
		};
		7D4CC3A31B56961C009F9A13 /* Release */ = {
			isa = XCBuildConfiguration;
			buildSettings = {
				ALWAYS_SEARCH_USER_PATHS = NO;
				CLANG_CXX_LANGUAGE_STANDARD = "gnu++0x";
				CLANG_CXX_LIBRARY = "libc++";
				CLANG_ENABLE_MODULES = YES;
				CLANG_ENABLE_OBJC_ARC = YES;
				CLANG_WARN_BOOL_CONVERSION = YES;
				CLANG_WARN_CONSTANT_CONVERSION = YES;
				CLANG_WARN_DIRECT_OBJC_ISA_USAGE = YES_ERROR;
				CLANG_WARN_EMPTY_BODY = YES;
				CLANG_WARN_ENUM_CONVERSION = YES;
				CLANG_WARN_INT_CONVERSION = YES;
				CLANG_WARN_OBJC_ROOT_CLASS = YES_ERROR;
				CLANG_WARN_UNREACHABLE_CODE = YES;
				CLANG_WARN__DUPLICATE_METHOD_MATCH = YES;
				"CODE_SIGN_IDENTITY[sdk=iphoneos*]" = "iPhone Developer";
				COPY_PHASE_STRIP = NO;
				DEBUG_INFORMATION_FORMAT = "dwarf-with-dsym";
				ENABLE_NS_ASSERTIONS = NO;
				ENABLE_STRICT_OBJC_MSGSEND = YES;
				GCC_C_LANGUAGE_STANDARD = gnu99;
				GCC_NO_COMMON_BLOCKS = YES;
				GCC_WARN_64_TO_32_BIT_CONVERSION = YES;
				GCC_WARN_ABOUT_RETURN_TYPE = YES_ERROR;
				GCC_WARN_UNDECLARED_SELECTOR = YES;
				GCC_WARN_UNINITIALIZED_AUTOS = YES_AGGRESSIVE;
				GCC_WARN_UNUSED_FUNCTION = YES;
				GCC_WARN_UNUSED_VARIABLE = YES;
				IPHONEOS_DEPLOYMENT_TARGET = 9.0;
				MTL_ENABLE_DEBUG_INFO = NO;
				SDKROOT = iphoneos;
				VALIDATE_PRODUCT = YES;
			};
			name = Release;
		};
		7D4CC3A51B56961C009F9A13 /* Debug */ = {
			isa = XCBuildConfiguration;
			buildSettings = {
				ASSETCATALOG_COMPILER_APPICON_NAME = AppIcon;
				INFOPLIST_FILE = TaxApp/Info.plist;
				LD_RUNPATH_SEARCH_PATHS = "$(inherited) @executable_path/Frameworks";
				PRODUCT_BUNDLE_IDENTIFIER = Taaha.TaxApp;
				PRODUCT_NAME = "$(TARGET_NAME)";
			};
			name = Debug;
		};
		7D4CC3A61B56961C009F9A13 /* Release */ = {
			isa = XCBuildConfiguration;
			buildSettings = {
				ASSETCATALOG_COMPILER_APPICON_NAME = AppIcon;
				INFOPLIST_FILE = TaxApp/Info.plist;
				LD_RUNPATH_SEARCH_PATHS = "$(inherited) @executable_path/Frameworks";
				PRODUCT_BUNDLE_IDENTIFIER = Taaha.TaxApp;
				PRODUCT_NAME = "$(TARGET_NAME)";
			};
			name = Release;
		};
		7D4CC3A81B56961C009F9A13 /* Debug */ = {
			isa = XCBuildConfiguration;
			buildSettings = {
				BUNDLE_LOADER = "$(TEST_HOST)";
				INFOPLIST_FILE = TaxAppTests/Info.plist;
				LD_RUNPATH_SEARCH_PATHS = "$(inherited) @executable_path/Frameworks @loader_path/Frameworks";
				PRODUCT_BUNDLE_IDENTIFIER = Taaha.TaxAppTests;
				PRODUCT_NAME = "$(TARGET_NAME)";
				TEST_HOST = "$(BUILT_PRODUCTS_DIR)/TaxApp.app/TaxApp";
			};
			name = Debug;
		};
		7D4CC3A91B56961C009F9A13 /* Release */ = {
			isa = XCBuildConfiguration;
			buildSettings = {
				BUNDLE_LOADER = "$(TEST_HOST)";
				INFOPLIST_FILE = TaxAppTests/Info.plist;
				LD_RUNPATH_SEARCH_PATHS = "$(inherited) @executable_path/Frameworks @loader_path/Frameworks";
				PRODUCT_BUNDLE_IDENTIFIER = Taaha.TaxAppTests;
				PRODUCT_NAME = "$(TARGET_NAME)";
				TEST_HOST = "$(BUILT_PRODUCTS_DIR)/TaxApp.app/TaxApp";
			};
			name = Release;
		};
		7D4CC3AB1B56961C009F9A13 /* Debug */ = {
			isa = XCBuildConfiguration;
			buildSettings = {
				INFOPLIST_FILE = TaxAppUITests/Info.plist;
				LD_RUNPATH_SEARCH_PATHS = "$(inherited) @executable_path/Frameworks @loader_path/Frameworks";
				PRODUCT_BUNDLE_IDENTIFIER = Taaha.TaxAppUITests;
				PRODUCT_NAME = "$(TARGET_NAME)";
				TEST_TARGET_NAME = TaxApp;
				USES_XCTRUNNER = YES;
			};
			name = Debug;
		};
		7D4CC3AC1B56961C009F9A13 /* Release */ = {
			isa = XCBuildConfiguration;
			buildSettings = {
				INFOPLIST_FILE = TaxAppUITests/Info.plist;
				LD_RUNPATH_SEARCH_PATHS = "$(inherited) @executable_path/Frameworks @loader_path/Frameworks";
				PRODUCT_BUNDLE_IDENTIFIER = Taaha.TaxAppUITests;
				PRODUCT_NAME = "$(TARGET_NAME)";
				TEST_TARGET_NAME = TaxApp;
				USES_XCTRUNNER = YES;
			};
			name = Release;
		};
/* End XCBuildConfiguration section */

/* Begin XCConfigurationList section */
		7D4CC3771B56961C009F9A13 /* Build configuration list for PBXProject "TaxApp" */ = {
			isa = XCConfigurationList;
			buildConfigurations = (
				7D4CC3A21B56961C009F9A13 /* Debug */,
				7D4CC3A31B56961C009F9A13 /* Release */,
			);
			defaultConfigurationIsVisible = 0;
			defaultConfigurationName = Release;
		};
		7D4CC3A41B56961C009F9A13 /* Build configuration list for PBXNativeTarget "TaxApp" */ = {
			isa = XCConfigurationList;
			buildConfigurations = (
				7D4CC3A51B56961C009F9A13 /* Debug */,
				7D4CC3A61B56961C009F9A13 /* Release */,
			);
			defaultConfigurationIsVisible = 0;
		};
		7D4CC3A71B56961C009F9A13 /* Build configuration list for PBXNativeTarget "TaxAppTests" */ = {
			isa = XCConfigurationList;
			buildConfigurations = (
				7D4CC3A81B56961C009F9A13 /* Debug */,
				7D4CC3A91B56961C009F9A13 /* Release */,
			);
			defaultConfigurationIsVisible = 0;
		};
		7D4CC3AA1B56961C009F9A13 /* Build configuration list for PBXNativeTarget "TaxAppUITests" */ = {
			isa = XCConfigurationList;
			buildConfigurations = (
				7D4CC3AB1B56961C009F9A13 /* Debug */,
				7D4CC3AC1B56961C009F9A13 /* Release */,
			);
			defaultConfigurationIsVisible = 0;
		};
/* End XCConfigurationList section */
	};
	rootObject = 7D4CC3741B56961C009F9A13 /* Project object */;
}
